
Microsoft Visual Studio Solution File, Format Version 12.00
# Visual Studio Version 17
VisualStudioVersion = 17.4.33213.308
MinimumVisualStudioVersion = 10.0.40219.1
Project("{FAE04EC0-301F-11D3-BF4B-00C04F79EFBC}") = "HelloWorldWithAppsettings.ConsoleApp", "HelloWorldWithAppsettings.ConsoleApp\HelloWorldWithAppsettings.ConsoleApp.csproj", "{D8053BDF-0D57-4B04-93A0-D2834F42987E}"
EndProject
Global
	GlobalSection(SolutionConfigurationPlatforms) = preSolution
		Debug|Any CPU = Debug|Any CPU
		Release|Any CPU = Release|Any CPU
	EndGlobalSection
	GlobalSection(ProjectConfigurationPlatforms) = postSolution
		{D8053BDF-0D57-4B04-93A0-D2834F42987E}.Debug|Any CPU.ActiveCfg = Debug|Any CPU
		{D8053BDF-0D57-4B04-93A0-D2834F42987E}.Debug|Any CPU.Build.0 = Debug|Any CPU
		{D8053BDF-0D57-4B04-93A0-D2834F42987E}.Release|Any CPU.ActiveCfg = Release|Any CPU
		{D8053BDF-0D57-4B04-93A0-D2834F42987E}.Release|Any CPU.Build.0 = Release|Any CPU
	EndGlobalSection
	GlobalSection(SolutionProperties) = preSolution
		HideSolutionNode = FALSE
	EndGlobalSection
	GlobalSection(ExtensibilityGlobals) = postSolution
		SolutionGuid = {E7CB8E65-FF88-4362-AF3B-A81B3CA04E96}
	EndGlobalSection
EndGlobal
